// !$*UTF8*$!
{
	archiveVersion = 1;
	classes = {
	};
	objectVersion = 55;
	objects = {

/* Begin PBXBuildFile section */
		37B7782B27EB5CAD0022C9D5 /* PhotoAlbumAppTests.swift in Sources */ = {isa = PBXBuildFile; fileRef = 37B7782A27EB5CAD0022C9D5 /* PhotoAlbumAppTests.swift */; };
		37E101AE27E96108009B9E3B /* AppDelegate.swift in Sources */ = {isa = PBXBuildFile; fileRef = 37E101AD27E96108009B9E3B /* AppDelegate.swift */; };
		37E101B027E96108009B9E3B /* SceneDelegate.swift in Sources */ = {isa = PBXBuildFile; fileRef = 37E101AF27E96108009B9E3B /* SceneDelegate.swift */; };
		37E101B227E96108009B9E3B /* ViewController.swift in Sources */ = {isa = PBXBuildFile; fileRef = 37E101B127E96108009B9E3B /* ViewController.swift */; };
		37E101B527E96108009B9E3B /* Main.storyboard in Resources */ = {isa = PBXBuildFile; fileRef = 37E101B327E96108009B9E3B /* Main.storyboard */; };
		37E101B727E96109009B9E3B /* Assets.xcassets in Resources */ = {isa = PBXBuildFile; fileRef = 37E101B627E96109009B9E3B /* Assets.xcassets */; };
		37E101BA27E96109009B9E3B /* LaunchScreen.storyboard in Resources */ = {isa = PBXBuildFile; fileRef = 37E101B827E96109009B9E3B /* LaunchScreen.storyboard */; };
		E4D1D0E727E9BA2300322B88 /* UIColor+Random.swift in Sources */ = {isa = PBXBuildFile; fileRef = E4D1D0E627E9BA2300322B88 /* UIColor+Random.swift */; };
		E4D1D0F227E9E05E00322B88 /* Photo.swift in Sources */ = {isa = PBXBuildFile; fileRef = E4D1D0F127E9E05E00322B88 /* Photo.swift */; };
		E4D1D0F427E9E12300322B88 /* PhotoFactory.swift in Sources */ = {isa = PBXBuildFile; fileRef = E4D1D0F327E9E12300322B88 /* PhotoFactory.swift */; };
		E4D1D0F627E9E17F00322B88 /* Size.swift in Sources */ = {isa = PBXBuildFile; fileRef = E4D1D0F527E9E17F00322B88 /* Size.swift */; };
		E4D1D0F827E9E2EF00322B88 /* Album.swift in Sources */ = {isa = PBXBuildFile; fileRef = E4D1D0F727E9E2EF00322B88 /* Album.swift */; };
		E4D1D0FA27E9E32E00322B88 /* FactoryBuildable.swift in Sources */ = {isa = PBXBuildFile; fileRef = E4D1D0F927E9E32E00322B88 /* FactoryBuildable.swift */; };
		E4D1D0FC27E9E4F800322B88 /* MediaContentContainable.swift in Sources */ = {isa = PBXBuildFile; fileRef = E4D1D0FB27E9E4F800322B88 /* MediaContentContainable.swift */; };
		E4D1D0FE27E9EC5600322B88 /* CGSize+Extensions.swift in Sources */ = {isa = PBXBuildFile; fileRef = E4D1D0FD27E9EC5600322B88 /* CGSize+Extensions.swift */; };
/* End PBXBuildFile section */

/* Begin PBXContainerItemProxy section */
		37B7782C27EB5CAD0022C9D5 /* PBXContainerItemProxy */ = {
			isa = PBXContainerItemProxy;
			containerPortal = 37E101A227E96108009B9E3B /* Project object */;
			proxyType = 1;
			remoteGlobalIDString = 37E101A927E96108009B9E3B;
			remoteInfo = PhotoAlbumApp;
		};
/* End PBXContainerItemProxy section */

/* Begin PBXFileReference section */
		37B7782827EB5CAD0022C9D5 /* PhotoAlbumAppTests.xctest */ = {isa = PBXFileReference; explicitFileType = wrapper.cfbundle; includeInIndex = 0; path = PhotoAlbumAppTests.xctest; sourceTree = BUILT_PRODUCTS_DIR; };
		37B7782A27EB5CAD0022C9D5 /* PhotoAlbumAppTests.swift */ = {isa = PBXFileReference; lastKnownFileType = sourcecode.swift; path = PhotoAlbumAppTests.swift; sourceTree = "<group>"; };
		37E101AA27E96108009B9E3B /* PhotoAlbumApp.app */ = {isa = PBXFileReference; explicitFileType = wrapper.application; includeInIndex = 0; path = PhotoAlbumApp.app; sourceTree = BUILT_PRODUCTS_DIR; };
		37E101AD27E96108009B9E3B /* AppDelegate.swift */ = {isa = PBXFileReference; lastKnownFileType = sourcecode.swift; path = AppDelegate.swift; sourceTree = "<group>"; };
		37E101AF27E96108009B9E3B /* SceneDelegate.swift */ = {isa = PBXFileReference; lastKnownFileType = sourcecode.swift; path = SceneDelegate.swift; sourceTree = "<group>"; };
		37E101B127E96108009B9E3B /* ViewController.swift */ = {isa = PBXFileReference; lastKnownFileType = sourcecode.swift; path = ViewController.swift; sourceTree = "<group>"; };
		37E101B427E96108009B9E3B /* Base */ = {isa = PBXFileReference; lastKnownFileType = file.storyboard; name = Base; path = Base.lproj/Main.storyboard; sourceTree = "<group>"; };
		37E101B627E96109009B9E3B /* Assets.xcassets */ = {isa = PBXFileReference; lastKnownFileType = folder.assetcatalog; path = Assets.xcassets; sourceTree = "<group>"; };
		37E101B927E96109009B9E3B /* Base */ = {isa = PBXFileReference; lastKnownFileType = file.storyboard; name = Base; path = Base.lproj/LaunchScreen.storyboard; sourceTree = "<group>"; };
		37E101BB27E96109009B9E3B /* Info.plist */ = {isa = PBXFileReference; lastKnownFileType = text.plist.xml; path = Info.plist; sourceTree = "<group>"; };
		E4D1D0E627E9BA2300322B88 /* UIColor+Random.swift */ = {isa = PBXFileReference; lastKnownFileType = sourcecode.swift; path = "UIColor+Random.swift"; sourceTree = "<group>"; };
		E4D1D0F127E9E05E00322B88 /* Photo.swift */ = {isa = PBXFileReference; lastKnownFileType = sourcecode.swift; path = Photo.swift; sourceTree = "<group>"; };
		E4D1D0F327E9E12300322B88 /* PhotoFactory.swift */ = {isa = PBXFileReference; lastKnownFileType = sourcecode.swift; path = PhotoFactory.swift; sourceTree = "<group>"; };
		E4D1D0F527E9E17F00322B88 /* Size.swift */ = {isa = PBXFileReference; lastKnownFileType = sourcecode.swift; path = Size.swift; sourceTree = "<group>"; };
		E4D1D0F727E9E2EF00322B88 /* Album.swift */ = {isa = PBXFileReference; lastKnownFileType = sourcecode.swift; path = Album.swift; sourceTree = "<group>"; };
		E4D1D0F927E9E32E00322B88 /* FactoryBuildable.swift */ = {isa = PBXFileReference; lastKnownFileType = sourcecode.swift; path = FactoryBuildable.swift; sourceTree = "<group>"; };
		E4D1D0FB27E9E4F800322B88 /* MediaContentContainable.swift */ = {isa = PBXFileReference; lastKnownFileType = sourcecode.swift; path = MediaContentContainable.swift; sourceTree = "<group>"; };
		E4D1D0FD27E9EC5600322B88 /* CGSize+Extensions.swift */ = {isa = PBXFileReference; lastKnownFileType = sourcecode.swift; path = "CGSize+Extensions.swift"; sourceTree = "<group>"; };
/* End PBXFileReference section */

/* Begin PBXFrameworksBuildPhase section */
		37B7782527EB5CAD0022C9D5 /* Frameworks */ = {
			isa = PBXFrameworksBuildPhase;
			buildActionMask = 2147483647;
			files = (
			);
			runOnlyForDeploymentPostprocessing = 0;
		};
		37E101A727E96108009B9E3B /* Frameworks */ = {
			isa = PBXFrameworksBuildPhase;
			buildActionMask = 2147483647;
			files = (
			);
			runOnlyForDeploymentPostprocessing = 0;
		};
/* End PBXFrameworksBuildPhase section */

/* Begin PBXGroup section */
		37B7782927EB5CAD0022C9D5 /* PhotoAlbumAppTests */ = {
			isa = PBXGroup;
			children = (
				37B7782A27EB5CAD0022C9D5 /* PhotoAlbumAppTests.swift */,
			);
			path = PhotoAlbumAppTests;
			sourceTree = "<group>";
		};
		37E101A127E96108009B9E3B = {
			isa = PBXGroup;
			children = (
				37E101AC27E96108009B9E3B /* PhotoAlbumApp */,
				37B7782927EB5CAD0022C9D5 /* PhotoAlbumAppTests */,
				37E101AB27E96108009B9E3B /* Products */,
			);
			sourceTree = "<group>";
		};
		37E101AB27E96108009B9E3B /* Products */ = {
			isa = PBXGroup;
			children = (
				37E101AA27E96108009B9E3B /* PhotoAlbumApp.app */,
				37B7782827EB5CAD0022C9D5 /* PhotoAlbumAppTests.xctest */,
			);
			name = Products;
			sourceTree = "<group>";
		};
		37E101AC27E96108009B9E3B /* PhotoAlbumApp */ = {
			isa = PBXGroup;
			children = (
				E4D1D0E427E9B9D900322B88 /* Utilities */,
				E4D1D0EE27E9DF2100322B88 /* Models */,
				E4D1D0F027E9E01D00322B88 /* Controllers */,
				E4D1D0EF27E9DF7000322B88 /* Resources */,
				E4D1D0E927E9BA4700322B88 /* Supports */,
				37E101BB27E96109009B9E3B /* Info.plist */,
			);
			path = PhotoAlbumApp;
			sourceTree = "<group>";
		};
		E4D1D0E427E9B9D900322B88 /* Utilities */ = {
			isa = PBXGroup;
			children = (
				E4D1D0E627E9BA2300322B88 /* UIColor+Random.swift */,
				E4D1D0FD27E9EC5600322B88 /* CGSize+Extensions.swift */,
				E4D1D0F927E9E32E00322B88 /* FactoryBuildable.swift */,
				E4D1D0F327E9E12300322B88 /* PhotoFactory.swift */,
			);
			path = Utilities;
			sourceTree = "<group>";
		};
		E4D1D0E927E9BA4700322B88 /* Supports */ = {
			isa = PBXGroup;
			children = (
				37E101AD27E96108009B9E3B /* AppDelegate.swift */,
				37E101AF27E96108009B9E3B /* SceneDelegate.swift */,
			);
			path = Supports;
			sourceTree = "<group>";
		};
		E4D1D0EE27E9DF2100322B88 /* Models */ = {
			isa = PBXGroup;
			children = (
				E4D1D0FB27E9E4F800322B88 /* MediaContentContainable.swift */,
				E4D1D0F727E9E2EF00322B88 /* Album.swift */,
				E4D1D0F127E9E05E00322B88 /* Photo.swift */,
				E4D1D0F527E9E17F00322B88 /* Size.swift */,
			);
			path = Models;
			sourceTree = "<group>";
		};
		E4D1D0EF27E9DF7000322B88 /* Resources */ = {
			isa = PBXGroup;
			children = (
				37E101B327E96108009B9E3B /* Main.storyboard */,
				37E101B827E96109009B9E3B /* LaunchScreen.storyboard */,
				37E101B627E96109009B9E3B /* Assets.xcassets */,
			);
			path = Resources;
			sourceTree = "<group>";
		};
		E4D1D0F027E9E01D00322B88 /* Controllers */ = {
			isa = PBXGroup;
			children = (
				37E101B127E96108009B9E3B /* ViewController.swift */,
			);
			path = Controllers;
			sourceTree = "<group>";
		};
/* End PBXGroup section */

/* Begin PBXNativeTarget section */
		37B7782727EB5CAD0022C9D5 /* PhotoAlbumAppTests */ = {
			isa = PBXNativeTarget;
			buildConfigurationList = 37B7783027EB5CAD0022C9D5 /* Build configuration list for PBXNativeTarget "PhotoAlbumAppTests" */;
			buildPhases = (
				37B7782427EB5CAD0022C9D5 /* Sources */,
				37B7782527EB5CAD0022C9D5 /* Frameworks */,
				37B7782627EB5CAD0022C9D5 /* Resources */,
			);
			buildRules = (
			);
			dependencies = (
				37B7782D27EB5CAD0022C9D5 /* PBXTargetDependency */,
			);
			name = PhotoAlbumAppTests;
			productName = PhotoAlbumAppTests;
			productReference = 37B7782827EB5CAD0022C9D5 /* PhotoAlbumAppTests.xctest */;
			productType = "com.apple.product-type.bundle.unit-test";
		};
		37E101A927E96108009B9E3B /* PhotoAlbumApp */ = {
			isa = PBXNativeTarget;
			buildConfigurationList = 37E101BE27E96109009B9E3B /* Build configuration list for PBXNativeTarget "PhotoAlbumApp" */;
			buildPhases = (
				37E101A627E96108009B9E3B /* Sources */,
				37E101A727E96108009B9E3B /* Frameworks */,
				37E101A827E96108009B9E3B /* Resources */,
			);
			buildRules = (
			);
			dependencies = (
			);
			name = PhotoAlbumApp;
			productName = PhotoAlbumApp;
			productReference = 37E101AA27E96108009B9E3B /* PhotoAlbumApp.app */;
			productType = "com.apple.product-type.application";
		};
/* End PBXNativeTarget section */

/* Begin PBXProject section */
		37E101A227E96108009B9E3B /* Project object */ = {
			isa = PBXProject;
			attributes = {
				BuildIndependentTargetsInParallel = 1;
				LastSwiftUpdateCheck = 1310;
				LastUpgradeCheck = 1310;
				TargetAttributes = {
					37B7782727EB5CAD0022C9D5 = {
						CreatedOnToolsVersion = 13.1;
						TestTargetID = 37E101A927E96108009B9E3B;
					};
					37E101A927E96108009B9E3B = {
						CreatedOnToolsVersion = 13.1;
					};
				};
			};
			buildConfigurationList = 37E101A527E96108009B9E3B /* Build configuration list for PBXProject "PhotoAlbumApp" */;
			compatibilityVersion = "Xcode 13.0";
			developmentRegion = en;
			hasScannedForEncodings = 0;
			knownRegions = (
				en,
				Base,
			);
			mainGroup = 37E101A127E96108009B9E3B;
			productRefGroup = 37E101AB27E96108009B9E3B /* Products */;
			projectDirPath = "";
			projectRoot = "";
			targets = (
				37E101A927E96108009B9E3B /* PhotoAlbumApp */,
				37B7782727EB5CAD0022C9D5 /* PhotoAlbumAppTests */,
			);
		};
/* End PBXProject section */

/* Begin PBXResourcesBuildPhase section */
		37B7782627EB5CAD0022C9D5 /* Resources */ = {
			isa = PBXResourcesBuildPhase;
			buildActionMask = 2147483647;
			files = (
			);
			runOnlyForDeploymentPostprocessing = 0;
		};
		37E101A827E96108009B9E3B /* Resources */ = {
			isa = PBXResourcesBuildPhase;
			buildActionMask = 2147483647;
			files = (
				37E101BA27E96109009B9E3B /* LaunchScreen.storyboard in Resources */,
				37E101B727E96109009B9E3B /* Assets.xcassets in Resources */,
				37E101B527E96108009B9E3B /* Main.storyboard in Resources */,
			);
			runOnlyForDeploymentPostprocessing = 0;
		};
/* End PBXResourcesBuildPhase section */

/* Begin PBXSourcesBuildPhase section */
		37B7782427EB5CAD0022C9D5 /* Sources */ = {
			isa = PBXSourcesBuildPhase;
			buildActionMask = 2147483647;
			files = (
				37B7782B27EB5CAD0022C9D5 /* PhotoAlbumAppTests.swift in Sources */,
			);
			runOnlyForDeploymentPostprocessing = 0;
		};
		37E101A627E96108009B9E3B /* Sources */ = {
			isa = PBXSourcesBuildPhase;
			buildActionMask = 2147483647;
			files = (
				E4D1D0E727E9BA2300322B88 /* UIColor+Random.swift in Sources */,
				E4D1D0FA27E9E32E00322B88 /* FactoryBuildable.swift in Sources */,
				E4D1D0F627E9E17F00322B88 /* Size.swift in Sources */,
				E4D1D0F227E9E05E00322B88 /* Photo.swift in Sources */,
				E4D1D0FE27E9EC5600322B88 /* CGSize+Extensions.swift in Sources */,
				37E101B227E96108009B9E3B /* ViewController.swift in Sources */,
				E4D1D0F427E9E12300322B88 /* PhotoFactory.swift in Sources */,
				E4D1D0FC27E9E4F800322B88 /* MediaContentContainable.swift in Sources */,
				37E101AE27E96108009B9E3B /* AppDelegate.swift in Sources */,
				37E101B027E96108009B9E3B /* SceneDelegate.swift in Sources */,
				E4D1D0F827E9E2EF00322B88 /* Album.swift in Sources */,
			);
			runOnlyForDeploymentPostprocessing = 0;
		};
/* End PBXSourcesBuildPhase section */

/* Begin PBXTargetDependency section */
		37B7782D27EB5CAD0022C9D5 /* PBXTargetDependency */ = {
			isa = PBXTargetDependency;
			target = 37E101A927E96108009B9E3B /* PhotoAlbumApp */;
			targetProxy = 37B7782C27EB5CAD0022C9D5 /* PBXContainerItemProxy */;
		};
/* End PBXTargetDependency section */

/* Begin PBXVariantGroup section */
		37E101B327E96108009B9E3B /* Main.storyboard */ = {
			isa = PBXVariantGroup;
			children = (
				37E101B427E96108009B9E3B /* Base */,
			);
			name = Main.storyboard;
			sourceTree = "<group>";
		};
		37E101B827E96109009B9E3B /* LaunchScreen.storyboard */ = {
			isa = PBXVariantGroup;
			children = (
				37E101B927E96109009B9E3B /* Base */,
			);
			name = LaunchScreen.storyboard;
			sourceTree = "<group>";
		};
/* End PBXVariantGroup section */

/* Begin XCBuildConfiguration section */
		37B7782E27EB5CAD0022C9D5 /* Debug */ = {
			isa = XCBuildConfiguration;
			buildSettings = {
				BUNDLE_LOADER = "$(TEST_HOST)";
				CODE_SIGN_STYLE = Automatic;
				CURRENT_PROJECT_VERSION = 1;
				DEVELOPMENT_TEAM = H2FTMY38H7;
				GENERATE_INFOPLIST_FILE = YES;
				LD_RUNPATH_SEARCH_PATHS = (
					"$(inherited)",
					"@executable_path/Frameworks",
					"@loader_path/Frameworks",
				);
				MARKETING_VERSION = 1.0;
				PRODUCT_BUNDLE_IDENTIFIER = Joobang.PhotoAlbumAppTests;
				PRODUCT_NAME = "$(TARGET_NAME)";
				SWIFT_EMIT_LOC_STRINGS = NO;
				SWIFT_VERSION = 5.0;
				TARGETED_DEVICE_FAMILY = "1,2";
				TEST_HOST = "$(BUILT_PRODUCTS_DIR)/PhotoAlbumApp.app/PhotoAlbumApp";
			};
			name = Debug;
		};
		37B7782F27EB5CAD0022C9D5 /* Release */ = {
			isa = XCBuildConfiguration;
			buildSettings = {
				BUNDLE_LOADER = "$(TEST_HOST)";
				CODE_SIGN_STYLE = Automatic;
				CURRENT_PROJECT_VERSION = 1;
				DEVELOPMENT_TEAM = H2FTMY38H7;
				GENERATE_INFOPLIST_FILE = YES;
				LD_RUNPATH_SEARCH_PATHS = (
					"$(inherited)",
					"@executable_path/Frameworks",
					"@loader_path/Frameworks",
				);
				MARKETING_VERSION = 1.0;
				PRODUCT_BUNDLE_IDENTIFIER = Joobang.PhotoAlbumAppTests;
				PRODUCT_NAME = "$(TARGET_NAME)";
				SWIFT_EMIT_LOC_STRINGS = NO;
				SWIFT_VERSION = 5.0;
				TARGETED_DEVICE_FAMILY = "1,2";
				TEST_HOST = "$(BUILT_PRODUCTS_DIR)/PhotoAlbumApp.app/PhotoAlbumApp";
			};
			name = Release;
		};
		37E101BC27E96109009B9E3B /* Debug */ = {
			isa = XCBuildConfiguration;
			buildSettings = {
				ALWAYS_SEARCH_USER_PATHS = NO;
				CLANG_ANALYZER_NONNULL = YES;
				CLANG_ANALYZER_NUMBER_OBJECT_CONVERSION = YES_AGGRESSIVE;
				CLANG_CXX_LANGUAGE_STANDARD = "gnu++17";
				CLANG_CXX_LIBRARY = "libc++";
				CLANG_ENABLE_MODULES = YES;
				CLANG_ENABLE_OBJC_ARC = YES;
				CLANG_ENABLE_OBJC_WEAK = YES;
				CLANG_WARN_BLOCK_CAPTURE_AUTORELEASING = YES;
				CLANG_WARN_BOOL_CONVERSION = YES;
				CLANG_WARN_COMMA = YES;
				CLANG_WARN_CONSTANT_CONVERSION = YES;
				CLANG_WARN_DEPRECATED_OBJC_IMPLEMENTATIONS = YES;
				CLANG_WARN_DIRECT_OBJC_ISA_USAGE = YES_ERROR;
				CLANG_WARN_DOCUMENTATION_COMMENTS = YES;
				CLANG_WARN_EMPTY_BODY = YES;
				CLANG_WARN_ENUM_CONVERSION = YES;
				CLANG_WARN_INFINITE_RECURSION = YES;
				CLANG_WARN_INT_CONVERSION = YES;
				CLANG_WARN_NON_LITERAL_NULL_CONVERSION = YES;
				CLANG_WARN_OBJC_IMPLICIT_RETAIN_SELF = YES;
				CLANG_WARN_OBJC_LITERAL_CONVERSION = YES;
				CLANG_WARN_OBJC_ROOT_CLASS = YES_ERROR;
				CLANG_WARN_QUOTED_INCLUDE_IN_FRAMEWORK_HEADER = YES;
				CLANG_WARN_RANGE_LOOP_ANALYSIS = YES;
				CLANG_WARN_STRICT_PROTOTYPES = YES;
				CLANG_WARN_SUSPICIOUS_MOVE = YES;
				CLANG_WARN_UNGUARDED_AVAILABILITY = YES_AGGRESSIVE;
				CLANG_WARN_UNREACHABLE_CODE = YES;
				CLANG_WARN__DUPLICATE_METHOD_MATCH = YES;
				COPY_PHASE_STRIP = NO;
				DEBUG_INFORMATION_FORMAT = dwarf;
				ENABLE_STRICT_OBJC_MSGSEND = YES;
				ENABLE_TESTABILITY = YES;
				GCC_C_LANGUAGE_STANDARD = gnu11;
				GCC_DYNAMIC_NO_PIC = NO;
				GCC_NO_COMMON_BLOCKS = YES;
				GCC_OPTIMIZATION_LEVEL = 0;
				GCC_PREPROCESSOR_DEFINITIONS = (
					"DEBUG=1",
					"$(inherited)",
				);
				GCC_WARN_64_TO_32_BIT_CONVERSION = YES;
				GCC_WARN_ABOUT_RETURN_TYPE = YES_ERROR;
				GCC_WARN_UNDECLARED_SELECTOR = YES;
				GCC_WARN_UNINITIALIZED_AUTOS = YES_AGGRESSIVE;
				GCC_WARN_UNUSED_FUNCTION = YES;
				GCC_WARN_UNUSED_VARIABLE = YES;
				IPHONEOS_DEPLOYMENT_TARGET = 15.0;
				MTL_ENABLE_DEBUG_INFO = INCLUDE_SOURCE;
				MTL_FAST_MATH = YES;
				ONLY_ACTIVE_ARCH = YES;
				SDKROOT = iphoneos;
				SWIFT_ACTIVE_COMPILATION_CONDITIONS = DEBUG;
				SWIFT_OPTIMIZATION_LEVEL = "-Onone";
			};
			name = Debug;
		};
		37E101BD27E96109009B9E3B /* Release */ = {
			isa = XCBuildConfiguration;
			buildSettings = {
				ALWAYS_SEARCH_USER_PATHS = NO;
				CLANG_ANALYZER_NONNULL = YES;
				CLANG_ANALYZER_NUMBER_OBJECT_CONVERSION = YES_AGGRESSIVE;
				CLANG_CXX_LANGUAGE_STANDARD = "gnu++17";
				CLANG_CXX_LIBRARY = "libc++";
				CLANG_ENABLE_MODULES = YES;
				CLANG_ENABLE_OBJC_ARC = YES;
				CLANG_ENABLE_OBJC_WEAK = YES;
				CLANG_WARN_BLOCK_CAPTURE_AUTORELEASING = YES;
				CLANG_WARN_BOOL_CONVERSION = YES;
				CLANG_WARN_COMMA = YES;
				CLANG_WARN_CONSTANT_CONVERSION = YES;
				CLANG_WARN_DEPRECATED_OBJC_IMPLEMENTATIONS = YES;
				CLANG_WARN_DIRECT_OBJC_ISA_USAGE = YES_ERROR;
				CLANG_WARN_DOCUMENTATION_COMMENTS = YES;
				CLANG_WARN_EMPTY_BODY = YES;
				CLANG_WARN_ENUM_CONVERSION = YES;
				CLANG_WARN_INFINITE_RECURSION = YES;
				CLANG_WARN_INT_CONVERSION = YES;
				CLANG_WARN_NON_LITERAL_NULL_CONVERSION = YES;
				CLANG_WARN_OBJC_IMPLICIT_RETAIN_SELF = YES;
				CLANG_WARN_OBJC_LITERAL_CONVERSION = YES;
				CLANG_WARN_OBJC_ROOT_CLASS = YES_ERROR;
				CLANG_WARN_QUOTED_INCLUDE_IN_FRAMEWORK_HEADER = YES;
				CLANG_WARN_RANGE_LOOP_ANALYSIS = YES;
				CLANG_WARN_STRICT_PROTOTYPES = YES;
				CLANG_WARN_SUSPICIOUS_MOVE = YES;
				CLANG_WARN_UNGUARDED_AVAILABILITY = YES_AGGRESSIVE;
				CLANG_WARN_UNREACHABLE_CODE = YES;
				CLANG_WARN__DUPLICATE_METHOD_MATCH = YES;
				COPY_PHASE_STRIP = NO;
				DEBUG_INFORMATION_FORMAT = "dwarf-with-dsym";
				ENABLE_NS_ASSERTIONS = NO;
				ENABLE_STRICT_OBJC_MSGSEND = YES;
				GCC_C_LANGUAGE_STANDARD = gnu11;
				GCC_NO_COMMON_BLOCKS = YES;
				GCC_WARN_64_TO_32_BIT_CONVERSION = YES;
				GCC_WARN_ABOUT_RETURN_TYPE = YES_ERROR;
				GCC_WARN_UNDECLARED_SELECTOR = YES;
				GCC_WARN_UNINITIALIZED_AUTOS = YES_AGGRESSIVE;
				GCC_WARN_UNUSED_FUNCTION = YES;
				GCC_WARN_UNUSED_VARIABLE = YES;
				IPHONEOS_DEPLOYMENT_TARGET = 15.0;
				MTL_ENABLE_DEBUG_INFO = NO;
				MTL_FAST_MATH = YES;
				SDKROOT = iphoneos;
				SWIFT_COMPILATION_MODE = wholemodule;
				SWIFT_OPTIMIZATION_LEVEL = "-O";
				VALIDATE_PRODUCT = YES;
			};
			name = Release;
		};
		37E101BF27E96109009B9E3B /* Debug */ = {
			isa = XCBuildConfiguration;
			buildSettings = {
				ASSETCATALOG_COMPILER_APPICON_NAME = AppIcon;
				ASSETCATALOG_COMPILER_GLOBAL_ACCENT_COLOR_NAME = AccentColor;
				CODE_SIGN_STYLE = Automatic;
				CURRENT_PROJECT_VERSION = 1;
				DEVELOPMENT_TEAM = H2FTMY38H7;
				GENERATE_INFOPLIST_FILE = YES;
				INFOPLIST_FILE = PhotoAlbumApp/Info.plist;
				INFOPLIST_KEY_UIApplicationSupportsIndirectInputEvents = YES;
				INFOPLIST_KEY_UILaunchStoryboardName = LaunchScreen;
				INFOPLIST_KEY_UIMainStoryboardFile = Main;
				INFOPLIST_KEY_UISupportedInterfaceOrientations_iPad = "UIInterfaceOrientationPortrait UIInterfaceOrientationPortraitUpsideDown UIInterfaceOrientationLandscapeLeft UIInterfaceOrientationLandscapeRight";
				INFOPLIST_KEY_UISupportedInterfaceOrientations_iPhone = "UIInterfaceOrientationPortrait UIInterfaceOrientationLandscapeLeft UIInterfaceOrientationLandscapeRight";
				LD_RUNPATH_SEARCH_PATHS = (
					"$(inherited)",
					"@executable_path/Frameworks",
				);
				MARKETING_VERSION = 1.0;
				PRODUCT_BUNDLE_IDENTIFIER = Joobang.PhotoAlbumApp;
				PRODUCT_NAME = "$(TARGET_NAME)";
				SWIFT_EMIT_LOC_STRINGS = YES;
				SWIFT_VERSION = 5.0;
				TARGETED_DEVICE_FAMILY = "1,2";
			};
			name = Debug;
		};
		37E101C027E96109009B9E3B /* Release */ = {
			isa = XCBuildConfiguration;
			buildSettings = {
				ASSETCATALOG_COMPILER_APPICON_NAME = AppIcon;
				ASSETCATALOG_COMPILER_GLOBAL_ACCENT_COLOR_NAME = AccentColor;
				CODE_SIGN_STYLE = Automatic;
				CURRENT_PROJECT_VERSION = 1;
				DEVELOPMENT_TEAM = H2FTMY38H7;
				GENERATE_INFOPLIST_FILE = YES;
				INFOPLIST_FILE = PhotoAlbumApp/Info.plist;
				INFOPLIST_KEY_UIApplicationSupportsIndirectInputEvents = YES;
				INFOPLIST_KEY_UILaunchStoryboardName = LaunchScreen;
				INFOPLIST_KEY_UIMainStoryboardFile = Main;
				INFOPLIST_KEY_UISupportedInterfaceOrientations_iPad = "UIInterfaceOrientationPortrait UIInterfaceOrientationPortraitUpsideDown UIInterfaceOrientationLandscapeLeft UIInterfaceOrientationLandscapeRight";
				INFOPLIST_KEY_UISupportedInterfaceOrientations_iPhone = "UIInterfaceOrientationPortrait UIInterfaceOrientationLandscapeLeft UIInterfaceOrientationLandscapeRight";
				LD_RUNPATH_SEARCH_PATHS = (
					"$(inherited)",
					"@executable_path/Frameworks",
				);
				MARKETING_VERSION = 1.0;
				PRODUCT_BUNDLE_IDENTIFIER = Joobang.PhotoAlbumApp;
				PRODUCT_NAME = "$(TARGET_NAME)";
				SWIFT_EMIT_LOC_STRINGS = YES;
				SWIFT_VERSION = 5.0;
				TARGETED_DEVICE_FAMILY = "1,2";
			};
			name = Release;
		};
/* End XCBuildConfiguration section */

/* Begin XCConfigurationList section */
		37B7783027EB5CAD0022C9D5 /* Build configuration list for PBXNativeTarget "PhotoAlbumAppTests" */ = {
			isa = XCConfigurationList;
			buildConfigurations = (
				37B7782E27EB5CAD0022C9D5 /* Debug */,
				37B7782F27EB5CAD0022C9D5 /* Release */,
			);
			defaultConfigurationIsVisible = 0;
			defaultConfigurationName = Release;
		};
		37E101A527E96108009B9E3B /* Build configuration list for PBXProject "PhotoAlbumApp" */ = {
			isa = XCConfigurationList;
			buildConfigurations = (
				37E101BC27E96109009B9E3B /* Debug */,
				37E101BD27E96109009B9E3B /* Release */,
			);
			defaultConfigurationIsVisible = 0;
			defaultConfigurationName = Release;
		};
		37E101BE27E96109009B9E3B /* Build configuration list for PBXNativeTarget "PhotoAlbumApp" */ = {
			isa = XCConfigurationList;
			buildConfigurations = (
				37E101BF27E96109009B9E3B /* Debug */,
				37E101C027E96109009B9E3B /* Release */,
			);
			defaultConfigurationIsVisible = 0;
			defaultConfigurationName = Release;
		};
/* End XCConfigurationList section */
	};
	rootObject = 37E101A227E96108009B9E3B /* Project object */;
}
